
Microsoft Visual Studio Solution File, Format Version 12.00
# Visual Studio 15
VisualStudioVersion = 15.0.28307.168
MinimumVisualStudioVersion = 10.0.40219.1
Project("{6989167D-11E4-40FE-8C1A-2192A86A7E90}") = "InductanceComputerFortran", "InductanceComputerFortran\InductanceComputerFortran.vfproj", "{20F885E3-6BB9-4B30-BC61-F4DB05E48D48}"
EndProject
Project("{6989167D-11E4-40FE-8C1A-2192A86A7E90}") = "CombineLoader", "CombineLoader\CombineLoader.vfproj", "{B7981F8F-C5F9-478B-9A88-C13538E215C8}"
EndProject
Global
	GlobalSection(SolutionConfigurationPlatforms) = preSolution
		Analyze|x64 = Analyze|x64
		Analyze|x86 = Analyze|x86
		Debug|x64 = Debug|x64
		Debug|x86 = Debug|x86
		Release|x64 = Release|x64
		Release|x86 = Release|x86
	EndGlobalSection
	GlobalSection(ProjectConfigurationPlatforms) = postSolution
		{20F885E3-6BB9-4B30-BC61-F4DB05E48D48}.Analyze|x64.ActiveCfg = Analyze|Win32
		{20F885E3-6BB9-4B30-BC61-F4DB05E48D48}.Analyze|x86.ActiveCfg = Analyze|Win32
		{20F885E3-6BB9-4B30-BC61-F4DB05E48D48}.Analyze|x86.Build.0 = Analyze|Win32
		{20F885E3-6BB9-4B30-BC61-F4DB05E48D48}.Debug|x64.ActiveCfg = Debug|Win32
		{20F885E3-6BB9-4B30-BC61-F4DB05E48D48}.Debug|x64.Build.0 = Debug|Win32
		{20F885E3-6BB9-4B30-BC61-F4DB05E48D48}.Debug|x86.ActiveCfg = Debug|Win32
		{20F885E3-6BB9-4B30-BC61-F4DB05E48D48}.Debug|x86.Build.0 = Debug|Win32
		{20F885E3-6BB9-4B30-BC61-F4DB05E48D48}.Release|x64.ActiveCfg = Release|Win32
		{20F885E3-6BB9-4B30-BC61-F4DB05E48D48}.Release|x64.Build.0 = Release|Win32
		{20F885E3-6BB9-4B30-BC61-F4DB05E48D48}.Release|x86.ActiveCfg = Release|Win32
		{20F885E3-6BB9-4B30-BC61-F4DB05E48D48}.Release|x86.Build.0 = Release|Win32
		{B7981F8F-C5F9-478B-9A88-C13538E215C8}.Analyze|x64.ActiveCfg = Release|Win32
		{B7981F8F-C5F9-478B-9A88-C13538E215C8}.Analyze|x64.Build.0 = Release|Win32
		{B7981F8F-C5F9-478B-9A88-C13538E215C8}.Analyze|x86.ActiveCfg = Release|Win32
		{B7981F8F-C5F9-478B-9A88-C13538E215C8}.Analyze|x86.Build.0 = Release|Win32
		{B7981F8F-C5F9-478B-9A88-C13538E215C8}.Debug|x64.ActiveCfg = Debug|Win32
		{B7981F8F-C5F9-478B-9A88-C13538E215C8}.Debug|x86.ActiveCfg = Debug|Win32
		{B7981F8F-C5F9-478B-9A88-C13538E215C8}.Debug|x86.Build.0 = Debug|Win32
		{B7981F8F-C5F9-478B-9A88-C13538E215C8}.Release|x64.ActiveCfg = Release|Win32
		{B7981F8F-C5F9-478B-9A88-C13538E215C8}.Release|x86.ActiveCfg = Release|Win32
		{B7981F8F-C5F9-478B-9A88-C13538E215C8}.Release|x86.Build.0 = Release|Win32
	EndGlobalSection
	GlobalSection(SolutionProperties) = preSolution
		HideSolutionNode = FALSE
	EndGlobalSection
	GlobalSection(ExtensibilityGlobals) = postSolution
		SolutionGuid = {496EBC5F-5BC3-4A95-A802-679352A8C90F}
	EndGlobalSection
EndGlobal
